// !$*UTF8*$!
{
	archiveVersion = 1;
	classes = {
	};
	objectVersion = 56;
	objects = {

/* Begin PBXBuildFile section */
		6EECD9762C4E821F00DFE96B /* swiftuistructurestudyApp.swift in Sources */ = {isa = PBXBuildFile; fileRef = 6EECD9752C4E821F00DFE96B /* swiftuistructurestudyApp.swift */; };
		6EECD9782C4E821F00DFE96B /* ContentView.swift in Sources */ = {isa = PBXBuildFile; fileRef = 6EECD9772C4E821F00DFE96B /* ContentView.swift */; };
		6EECD97A2C4E822100DFE96B /* Assets.xcassets in Resources */ = {isa = PBXBuildFile; fileRef = 6EECD9792C4E822100DFE96B /* Assets.xcassets */; };
		6EECD97D2C4E822100DFE96B /* Preview Assets.xcassets in Resources */ = {isa = PBXBuildFile; fileRef = 6EECD97C2C4E822100DFE96B /* Preview Assets.xcassets */; };
		6EECD9872C4E822100DFE96B /* swiftuistructurestudyTests.swift in Sources */ = {isa = PBXBuildFile; fileRef = 6EECD9862C4E822100DFE96B /* swiftuistructurestudyTests.swift */; };
		6EECD9912C4E822100DFE96B /* swiftuistructurestudyUITests.swift in Sources */ = {isa = PBXBuildFile; fileRef = 6EECD9902C4E822100DFE96B /* swiftuistructurestudyUITests.swift */; };
		6EECD9932C4E822100DFE96B /* swiftuistructurestudyUITestsLaunchTests.swift in Sources */ = {isa = PBXBuildFile; fileRef = 6EECD9922C4E822100DFE96B /* swiftuistructurestudyUITestsLaunchTests.swift */; };
		6EECD9A02C4E84E700DFE96B /* FirstPage.swift in Sources */ = {isa = PBXBuildFile; fileRef = 6EECD99F2C4E84E700DFE96B /* FirstPage.swift */; };
		6EECD9A22C4E84FB00DFE96B /* SecondPage.swift in Sources */ = {isa = PBXBuildFile; fileRef = 6EECD9A12C4E84FB00DFE96B /* SecondPage.swift */; };
		6EECD9A42C4E850A00DFE96B /* ThirdPage.swift in Sources */ = {isa = PBXBuildFile; fileRef = 6EECD9A32C4E850A00DFE96B /* ThirdPage.swift */; };
		6EECD9A62C4E8AF700DFE96B /* FourthPage.swift in Sources */ = {isa = PBXBuildFile; fileRef = 6EECD9A52C4E8AF700DFE96B /* FourthPage.swift */; };
		6EECD9A82C4F19B800DFE96B /* ToolbarStudy.swift in Sources */ = {isa = PBXBuildFile; fileRef = 6EECD9A72C4F19B800DFE96B /* ToolbarStudy.swift */; };
		6EECD9AA2C4F271300DFE96B /* TabviewStudy.swift in Sources */ = {isa = PBXBuildFile; fileRef = 6EECD9A92C4F271300DFE96B /* TabviewStudy.swift */; };
		6EECD9AC2C4F27DF00DFE96B /* HomePage.swift in Sources */ = {isa = PBXBuildFile; fileRef = 6EECD9AB2C4F27DF00DFE96B /* HomePage.swift */; };
		6EECD9AE2C4F27ED00DFE96B /* SettingsPage.swift in Sources */ = {isa = PBXBuildFile; fileRef = 6EECD9AD2C4F27ED00DFE96B /* SettingsPage.swift */; };
/* End PBXBuildFile section */

/* Begin PBXContainerItemProxy section */
		6EECD9832C4E822100DFE96B /* PBXContainerItemProxy */ = {
			isa = PBXContainerItemProxy;
			containerPortal = 6EECD96A2C4E821F00DFE96B /* Project object */;
			proxyType = 1;
			remoteGlobalIDString = 6EECD9712C4E821F00DFE96B;
			remoteInfo = swiftuistructurestudy;
		};
		6EECD98D2C4E822100DFE96B /* PBXContainerItemProxy */ = {
			isa = PBXContainerItemProxy;
			containerPortal = 6EECD96A2C4E821F00DFE96B /* Project object */;
			proxyType = 1;
			remoteGlobalIDString = 6EECD9712C4E821F00DFE96B;
			remoteInfo = swiftuistructurestudy;
		};
/* End PBXContainerItemProxy section */

/* Begin PBXFileReference section */
		6EECD9722C4E821F00DFE96B /* swiftuistructurestudy.app */ = {isa = PBXFileReference; explicitFileType = wrapper.application; includeInIndex = 0; path = swiftuistructurestudy.app; sourceTree = BUILT_PRODUCTS_DIR; };
		6EECD9752C4E821F00DFE96B /* swiftuistructurestudyApp.swift */ = {isa = PBXFileReference; lastKnownFileType = sourcecode.swift; path = swiftuistructurestudyApp.swift; sourceTree = "<group>"; };
		6EECD9772C4E821F00DFE96B /* ContentView.swift */ = {isa = PBXFileReference; lastKnownFileType = sourcecode.swift; path = ContentView.swift; sourceTree = "<group>"; };
		6EECD9792C4E822100DFE96B /* Assets.xcassets */ = {isa = PBXFileReference; lastKnownFileType = folder.assetcatalog; path = Assets.xcassets; sourceTree = "<group>"; };
		6EECD97C2C4E822100DFE96B /* Preview Assets.xcassets */ = {isa = PBXFileReference; lastKnownFileType = folder.assetcatalog; path = "Preview Assets.xcassets"; sourceTree = "<group>"; };
		6EECD9822C4E822100DFE96B /* swiftuistructurestudyTests.xctest */ = {isa = PBXFileReference; explicitFileType = wrapper.cfbundle; includeInIndex = 0; path = swiftuistructurestudyTests.xctest; sourceTree = BUILT_PRODUCTS_DIR; };
		6EECD9862C4E822100DFE96B /* swiftuistructurestudyTests.swift */ = {isa = PBXFileReference; lastKnownFileType = sourcecode.swift; path = swiftuistructurestudyTests.swift; sourceTree = "<group>"; };
		6EECD98C2C4E822100DFE96B /* swiftuistructurestudyUITests.xctest */ = {isa = PBXFileReference; explicitFileType = wrapper.cfbundle; includeInIndex = 0; path = swiftuistructurestudyUITests.xctest; sourceTree = BUILT_PRODUCTS_DIR; };
		6EECD9902C4E822100DFE96B /* swiftuistructurestudyUITests.swift */ = {isa = PBXFileReference; lastKnownFileType = sourcecode.swift; path = swiftuistructurestudyUITests.swift; sourceTree = "<group>"; };
		6EECD9922C4E822100DFE96B /* swiftuistructurestudyUITestsLaunchTests.swift */ = {isa = PBXFileReference; lastKnownFileType = sourcecode.swift; path = swiftuistructurestudyUITestsLaunchTests.swift; sourceTree = "<group>"; };
		6EECD99F2C4E84E700DFE96B /* FirstPage.swift */ = {isa = PBXFileReference; lastKnownFileType = sourcecode.swift; path = FirstPage.swift; sourceTree = "<group>"; };
		6EECD9A12C4E84FB00DFE96B /* SecondPage.swift */ = {isa = PBXFileReference; lastKnownFileType = sourcecode.swift; path = SecondPage.swift; sourceTree = "<group>"; };
		6EECD9A32C4E850A00DFE96B /* ThirdPage.swift */ = {isa = PBXFileReference; lastKnownFileType = sourcecode.swift; path = ThirdPage.swift; sourceTree = "<group>"; };
		6EECD9A52C4E8AF700DFE96B /* FourthPage.swift */ = {isa = PBXFileReference; lastKnownFileType = sourcecode.swift; path = FourthPage.swift; sourceTree = "<group>"; };
		6EECD9A72C4F19B800DFE96B /* ToolbarStudy.swift */ = {isa = PBXFileReference; lastKnownFileType = sourcecode.swift; path = ToolbarStudy.swift; sourceTree = "<group>"; };
		6EECD9A92C4F271300DFE96B /* TabviewStudy.swift */ = {isa = PBXFileReference; lastKnownFileType = sourcecode.swift; path = TabviewStudy.swift; sourceTree = "<group>"; };
		6EECD9AB2C4F27DF00DFE96B /* HomePage.swift */ = {isa = PBXFileReference; lastKnownFileType = sourcecode.swift; path = HomePage.swift; sourceTree = "<group>"; };
		6EECD9AD2C4F27ED00DFE96B /* SettingsPage.swift */ = {isa = PBXFileReference; lastKnownFileType = sourcecode.swift; path = SettingsPage.swift; sourceTree = "<group>"; };
/* End PBXFileReference section */

/* Begin PBXFrameworksBuildPhase section */
		6EECD96F2C4E821F00DFE96B /* Frameworks */ = {
			isa = PBXFrameworksBuildPhase;
			buildActionMask = 2147483647;
			files = (
			);
			runOnlyForDeploymentPostprocessing = 0;
		};
		6EECD97F2C4E822100DFE96B /* Frameworks */ = {
			isa = PBXFrameworksBuildPhase;
			buildActionMask = 2147483647;
			files = (
			);
			runOnlyForDeploymentPostprocessing = 0;
		};
		6EECD9892C4E822100DFE96B /* Frameworks */ = {
			isa = PBXFrameworksBuildPhase;
			buildActionMask = 2147483647;
			files = (
			);
			runOnlyForDeploymentPostprocessing = 0;
		};
/* End PBXFrameworksBuildPhase section */

/* Begin PBXGroup section */
		6EECD9692C4E821F00DFE96B = {
			isa = PBXGroup;
			children = (
				6EECD9742C4E821F00DFE96B /* swiftuistructurestudy */,
				6EECD9852C4E822100DFE96B /* swiftuistructurestudyTests */,
				6EECD98F2C4E822100DFE96B /* swiftuistructurestudyUITests */,
				6EECD9732C4E821F00DFE96B /* Products */,
			);
			sourceTree = "<group>";
		};
		6EECD9732C4E821F00DFE96B /* Products */ = {
			isa = PBXGroup;
			children = (
				6EECD9722C4E821F00DFE96B /* swiftuistructurestudy.app */,
				6EECD9822C4E822100DFE96B /* swiftuistructurestudyTests.xctest */,
				6EECD98C2C4E822100DFE96B /* swiftuistructurestudyUITests.xctest */,
			);
			name = Products;
			sourceTree = "<group>";
		};
		6EECD9742C4E821F00DFE96B /* swiftuistructurestudy */ = {
			isa = PBXGroup;
			children = (
				6EECD9752C4E821F00DFE96B /* swiftuistructurestudyApp.swift */,
				6EECD9A72C4F19B800DFE96B /* ToolbarStudy.swift */,
				6EECD9772C4E821F00DFE96B /* ContentView.swift */,
				6EECD9792C4E822100DFE96B /* Assets.xcassets */,
				6EECD97B2C4E822100DFE96B /* Preview Content */,
				6EECD99F2C4E84E700DFE96B /* FirstPage.swift */,
				6EECD9A12C4E84FB00DFE96B /* SecondPage.swift */,
				6EECD9A32C4E850A00DFE96B /* ThirdPage.swift */,
				6EECD9A52C4E8AF700DFE96B /* FourthPage.swift */,
				6EECD9A92C4F271300DFE96B /* TabviewStudy.swift */,
				6EECD9AB2C4F27DF00DFE96B /* HomePage.swift */,
				6EECD9AD2C4F27ED00DFE96B /* SettingsPage.swift */,
			);
			path = swiftuistructurestudy;
			sourceTree = "<group>";
		};
		6EECD97B2C4E822100DFE96B /* Preview Content */ = {
			isa = PBXGroup;
			children = (
				6EECD97C2C4E822100DFE96B /* Preview Assets.xcassets */,
			);
			path = "Preview Content";
			sourceTree = "<group>";
		};
		6EECD9852C4E822100DFE96B /* swiftuistructurestudyTests */ = {
			isa = PBXGroup;
			children = (
				6EECD9862C4E822100DFE96B /* swiftuistructurestudyTests.swift */,
			);
			path = swiftuistructurestudyTests;
			sourceTree = "<group>";
		};
		6EECD98F2C4E822100DFE96B /* swiftuistructurestudyUITests */ = {
			isa = PBXGroup;
			children = (
				6EECD9902C4E822100DFE96B /* swiftuistructurestudyUITests.swift */,
				6EECD9922C4E822100DFE96B /* swiftuistructurestudyUITestsLaunchTests.swift */,
			);
			path = swiftuistructurestudyUITests;
			sourceTree = "<group>";
		};
/* End PBXGroup section */

/* Begin PBXNativeTarget section */
		6EECD9712C4E821F00DFE96B /* swiftuistructurestudy */ = {
			isa = PBXNativeTarget;
			buildConfigurationList = 6EECD9962C4E822100DFE96B /* Build configuration list for PBXNativeTarget "swiftuistructurestudy" */;
			buildPhases = (
				6EECD96E2C4E821F00DFE96B /* Sources */,
				6EECD96F2C4E821F00DFE96B /* Frameworks */,
				6EECD9702C4E821F00DFE96B /* Resources */,
			);
			buildRules = (
			);
			dependencies = (
			);
			name = swiftuistructurestudy;
			productName = swiftuistructurestudy;
			productReference = 6EECD9722C4E821F00DFE96B /* swiftuistructurestudy.app */;
			productType = "com.apple.product-type.application";
		};
		6EECD9812C4E822100DFE96B /* swiftuistructurestudyTests */ = {
			isa = PBXNativeTarget;
			buildConfigurationList = 6EECD9992C4E822100DFE96B /* Build configuration list for PBXNativeTarget "swiftuistructurestudyTests" */;
			buildPhases = (
				6EECD97E2C4E822100DFE96B /* Sources */,
				6EECD97F2C4E822100DFE96B /* Frameworks */,
				6EECD9802C4E822100DFE96B /* Resources */,
			);
			buildRules = (
			);
			dependencies = (
				6EECD9842C4E822100DFE96B /* PBXTargetDependency */,
			);
			name = swiftuistructurestudyTests;
			productName = swiftuistructurestudyTests;
			productReference = 6EECD9822C4E822100DFE96B /* swiftuistructurestudyTests.xctest */;
			productType = "com.apple.product-type.bundle.unit-test";
		};
		6EECD98B2C4E822100DFE96B /* swiftuistructurestudyUITests */ = {
			isa = PBXNativeTarget;
			buildConfigurationList = 6EECD99C2C4E822100DFE96B /* Build configuration list for PBXNativeTarget "swiftuistructurestudyUITests" */;
			buildPhases = (
				6EECD9882C4E822100DFE96B /* Sources */,
				6EECD9892C4E822100DFE96B /* Frameworks */,
				6EECD98A2C4E822100DFE96B /* Resources */,
			);
			buildRules = (
			);
			dependencies = (
				6EECD98E2C4E822100DFE96B /* PBXTargetDependency */,
			);
			name = swiftuistructurestudyUITests;
			productName = swiftuistructurestudyUITests;
			productReference = 6EECD98C2C4E822100DFE96B /* swiftuistructurestudyUITests.xctest */;
			productType = "com.apple.product-type.bundle.ui-testing";
		};
/* End PBXNativeTarget section */

/* Begin PBXProject section */
		6EECD96A2C4E821F00DFE96B /* Project object */ = {
			isa = PBXProject;
			attributes = {
				BuildIndependentTargetsInParallel = 1;
				LastSwiftUpdateCheck = 1500;
				LastUpgradeCheck = 1500;
				TargetAttributes = {
					6EECD9712C4E821F00DFE96B = {
						CreatedOnToolsVersion = 15.0.1;
					};
					6EECD9812C4E822100DFE96B = {
						CreatedOnToolsVersion = 15.0.1;
						TestTargetID = 6EECD9712C4E821F00DFE96B;
					};
					6EECD98B2C4E822100DFE96B = {
						CreatedOnToolsVersion = 15.0.1;
						TestTargetID = 6EECD9712C4E821F00DFE96B;
					};
				};
			};
			buildConfigurationList = 6EECD96D2C4E821F00DFE96B /* Build configuration list for PBXProject "swiftuistructurestudy" */;
			compatibilityVersion = "Xcode 14.0";
			developmentRegion = en;
			hasScannedForEncodings = 0;
			knownRegions = (
				en,
				Base,
			);
			mainGroup = 6EECD9692C4E821F00DFE96B;
			productRefGroup = 6EECD9732C4E821F00DFE96B /* Products */;
			projectDirPath = "";
			projectRoot = "";
			targets = (
				6EECD9712C4E821F00DFE96B /* swiftuistructurestudy */,
				6EECD9812C4E822100DFE96B /* swiftuistructurestudyTests */,
				6EECD98B2C4E822100DFE96B /* swiftuistructurestudyUITests */,
			);
		};
/* End PBXProject section */

/* Begin PBXResourcesBuildPhase section */
		6EECD9702C4E821F00DFE96B /* Resources */ = {
			isa = PBXResourcesBuildPhase;
			buildActionMask = 2147483647;
			files = (
				6EECD97D2C4E822100DFE96B /* Preview Assets.xcassets in Resources */,
				6EECD97A2C4E822100DFE96B /* Assets.xcassets in Resources */,
			);
			runOnlyForDeploymentPostprocessing = 0;
		};
		6EECD9802C4E822100DFE96B /* Resources */ = {
			isa = PBXResourcesBuildPhase;
			buildActionMask = 2147483647;
			files = (
			);
			runOnlyForDeploymentPostprocessing = 0;
		};
		6EECD98A2C4E822100DFE96B /* Resources */ = {
			isa = PBXResourcesBuildPhase;
			buildActionMask = 2147483647;
			files = (
			);
			runOnlyForDeploymentPostprocessing = 0;
		};
/* End PBXResourcesBuildPhase section */

/* Begin PBXSourcesBuildPhase section */
		6EECD96E2C4E821F00DFE96B /* Sources */ = {
			isa = PBXSourcesBuildPhase;
			buildActionMask = 2147483647;
			files = (
				6EECD9AA2C4F271300DFE96B /* TabviewStudy.swift in Sources */,
				6EECD9AC2C4F27DF00DFE96B /* HomePage.swift in Sources */,
				6EECD9A82C4F19B800DFE96B /* ToolbarStudy.swift in Sources */,
				6EECD9A62C4E8AF700DFE96B /* FourthPage.swift in Sources */,
				6EECD9A22C4E84FB00DFE96B /* SecondPage.swift in Sources */,
				6EECD9A42C4E850A00DFE96B /* ThirdPage.swift in Sources */,
				6EECD9782C4E821F00DFE96B /* ContentView.swift in Sources */,
				6EECD9762C4E821F00DFE96B /* swiftuistructurestudyApp.swift in Sources */,
				6EECD9A02C4E84E700DFE96B /* FirstPage.swift in Sources */,
				6EECD9AE2C4F27ED00DFE96B /* SettingsPage.swift in Sources */,
			);
			runOnlyForDeploymentPostprocessing = 0;
		};
		6EECD97E2C4E822100DFE96B /* Sources */ = {
			isa = PBXSourcesBuildPhase;
			buildActionMask = 2147483647;
			files = (
				6EECD9872C4E822100DFE96B /* swiftuistructurestudyTests.swift in Sources */,
			);
			runOnlyForDeploymentPostprocessing = 0;
		};
		6EECD9882C4E822100DFE96B /* Sources */ = {
			isa = PBXSourcesBuildPhase;
			buildActionMask = 2147483647;
			files = (
				6EECD9932C4E822100DFE96B /* swiftuistructurestudyUITestsLaunchTests.swift in Sources */,
				6EECD9912C4E822100DFE96B /* swiftuistructurestudyUITests.swift in Sources */,
			);
			runOnlyForDeploymentPostprocessing = 0;
		};
/* End PBXSourcesBuildPhase section */

/* Begin PBXTargetDependency section */
		6EECD9842C4E822100DFE96B /* PBXTargetDependency */ = {
			isa = PBXTargetDependency;
			target = 6EECD9712C4E821F00DFE96B /* swiftuistructurestudy */;
			targetProxy = 6EECD9832C4E822100DFE96B /* PBXContainerItemProxy */;
		};
		6EECD98E2C4E822100DFE96B /* PBXTargetDependency */ = {
			isa = PBXTargetDependency;
			target = 6EECD9712C4E821F00DFE96B /* swiftuistructurestudy */;
			targetProxy = 6EECD98D2C4E822100DFE96B /* PBXContainerItemProxy */;
		};
/* End PBXTargetDependency section */

/* Begin XCBuildConfiguration section */
		6EECD9942C4E822100DFE96B /* Debug */ = {
			isa = XCBuildConfiguration;
			buildSettings = {
				ALWAYS_SEARCH_USER_PATHS = NO;
				ASSETCATALOG_COMPILER_GENERATE_SWIFT_ASSET_SYMBOL_EXTENSIONS = YES;
				CLANG_ANALYZER_NONNULL = YES;
				CLANG_ANALYZER_NUMBER_OBJECT_CONVERSION = YES_AGGRESSIVE;
				CLANG_CXX_LANGUAGE_STANDARD = "gnu++20";
				CLANG_ENABLE_MODULES = YES;
				CLANG_ENABLE_OBJC_ARC = YES;
				CLANG_ENABLE_OBJC_WEAK = YES;
				CLANG_WARN_BLOCK_CAPTURE_AUTORELEASING = YES;
				CLANG_WARN_BOOL_CONVERSION = YES;
				CLANG_WARN_COMMA = YES;
				CLANG_WARN_CONSTANT_CONVERSION = YES;
				CLANG_WARN_DEPRECATED_OBJC_IMPLEMENTATIONS = YES;
				CLANG_WARN_DIRECT_OBJC_ISA_USAGE = YES_ERROR;
				CLANG_WARN_DOCUMENTATION_COMMENTS = YES;
				CLANG_WARN_EMPTY_BODY = YES;
				CLANG_WARN_ENUM_CONVERSION = YES;
				CLANG_WARN_INFINITE_RECURSION = YES;
				CLANG_WARN_INT_CONVERSION = YES;
				CLANG_WARN_NON_LITERAL_NULL_CONVERSION = YES;
				CLANG_WARN_OBJC_IMPLICIT_RETAIN_SELF = YES;
				CLANG_WARN_OBJC_LITERAL_CONVERSION = YES;
				CLANG_WARN_OBJC_ROOT_CLASS = YES_ERROR;
				CLANG_WARN_QUOTED_INCLUDE_IN_FRAMEWORK_HEADER = YES;
				CLANG_WARN_RANGE_LOOP_ANALYSIS = YES;
				CLANG_WARN_STRICT_PROTOTYPES = YES;
				CLANG_WARN_SUSPICIOUS_MOVE = YES;
				CLANG_WARN_UNGUARDED_AVAILABILITY = YES_AGGRESSIVE;
				CLANG_WARN_UNREACHABLE_CODE = YES;
				CLANG_WARN__DUPLICATE_METHOD_MATCH = YES;
				COPY_PHASE_STRIP = NO;
				DEBUG_INFORMATION_FORMAT = dwarf;
				ENABLE_STRICT_OBJC_MSGSEND = YES;
				ENABLE_TESTABILITY = YES;
				ENABLE_USER_SCRIPT_SANDBOXING = YES;
				GCC_C_LANGUAGE_STANDARD = gnu17;
				GCC_DYNAMIC_NO_PIC = NO;
				GCC_NO_COMMON_BLOCKS = YES;
				GCC_OPTIMIZATION_LEVEL = 0;
				GCC_PREPROCESSOR_DEFINITIONS = (
					"DEBUG=1",
					"$(inherited)",
				);
				GCC_WARN_64_TO_32_BIT_CONVERSION = YES;
				GCC_WARN_ABOUT_RETURN_TYPE = YES_ERROR;
				GCC_WARN_UNDECLARED_SELECTOR = YES;
				GCC_WARN_UNINITIALIZED_AUTOS = YES_AGGRESSIVE;
				GCC_WARN_UNUSED_FUNCTION = YES;
				GCC_WARN_UNUSED_VARIABLE = YES;
				IPHONEOS_DEPLOYMENT_TARGET = 17.0;
				LOCALIZATION_PREFERS_STRING_CATALOGS = YES;
				MTL_ENABLE_DEBUG_INFO = INCLUDE_SOURCE;
				MTL_FAST_MATH = YES;
				ONLY_ACTIVE_ARCH = YES;
				SDKROOT = iphoneos;
				SWIFT_ACTIVE_COMPILATION_CONDITIONS = "DEBUG $(inherited)";
				SWIFT_OPTIMIZATION_LEVEL = "-Onone";
			};
			name = Debug;
		};
		6EECD9952C4E822100DFE96B /* Release */ = {
			isa = XCBuildConfiguration;
			buildSettings = {
				ALWAYS_SEARCH_USER_PATHS = NO;
				ASSETCATALOG_COMPILER_GENERATE_SWIFT_ASSET_SYMBOL_EXTENSIONS = YES;
				CLANG_ANALYZER_NONNULL = YES;
				CLANG_ANALYZER_NUMBER_OBJECT_CONVERSION = YES_AGGRESSIVE;
				CLANG_CXX_LANGUAGE_STANDARD = "gnu++20";
				CLANG_ENABLE_MODULES = YES;
				CLANG_ENABLE_OBJC_ARC = YES;
				CLANG_ENABLE_OBJC_WEAK = YES;
				CLANG_WARN_BLOCK_CAPTURE_AUTORELEASING = YES;
				CLANG_WARN_BOOL_CONVERSION = YES;
				CLANG_WARN_COMMA = YES;
				CLANG_WARN_CONSTANT_CONVERSION = YES;
				CLANG_WARN_DEPRECATED_OBJC_IMPLEMENTATIONS = YES;
				CLANG_WARN_DIRECT_OBJC_ISA_USAGE = YES_ERROR;
				CLANG_WARN_DOCUMENTATION_COMMENTS = YES;
				CLANG_WARN_EMPTY_BODY = YES;
				CLANG_WARN_ENUM_CONVERSION = YES;
				CLANG_WARN_INFINITE_RECURSION = YES;
				CLANG_WARN_INT_CONVERSION = YES;
				CLANG_WARN_NON_LITERAL_NULL_CONVERSION = YES;
				CLANG_WARN_OBJC_IMPLICIT_RETAIN_SELF = YES;
				CLANG_WARN_OBJC_LITERAL_CONVERSION = YES;
				CLANG_WARN_OBJC_ROOT_CLASS = YES_ERROR;
				CLANG_WARN_QUOTED_INCLUDE_IN_FRAMEWORK_HEADER = YES;
				CLANG_WARN_RANGE_LOOP_ANALYSIS = YES;
				CLANG_WARN_STRICT_PROTOTYPES = YES;
				CLANG_WARN_SUSPICIOUS_MOVE = YES;
				CLANG_WARN_UNGUARDED_AVAILABILITY = YES_AGGRESSIVE;
				CLANG_WARN_UNREACHABLE_CODE = YES;
				CLANG_WARN__DUPLICATE_METHOD_MATCH = YES;
				COPY_PHASE_STRIP = NO;
				DEBUG_INFORMATION_FORMAT = "dwarf-with-dsym";
				ENABLE_NS_ASSERTIONS = NO;
				ENABLE_STRICT_OBJC_MSGSEND = YES;
				ENABLE_USER_SCRIPT_SANDBOXING = YES;
				GCC_C_LANGUAGE_STANDARD = gnu17;
				GCC_NO_COMMON_BLOCKS = YES;
				GCC_WARN_64_TO_32_BIT_CONVERSION = YES;
				GCC_WARN_ABOUT_RETURN_TYPE = YES_ERROR;
				GCC_WARN_UNDECLARED_SELECTOR = YES;
				GCC_WARN_UNINITIALIZED_AUTOS = YES_AGGRESSIVE;
				GCC_WARN_UNUSED_FUNCTION = YES;
				GCC_WARN_UNUSED_VARIABLE = YES;
				IPHONEOS_DEPLOYMENT_TARGET = 17.0;
				LOCALIZATION_PREFERS_STRING_CATALOGS = YES;
				MTL_ENABLE_DEBUG_INFO = NO;
				MTL_FAST_MATH = YES;
				SDKROOT = iphoneos;
				SWIFT_COMPILATION_MODE = wholemodule;
				VALIDATE_PRODUCT = YES;
			};
			name = Release;
		};
		6EECD9972C4E822100DFE96B /* Debug */ = {
			isa = XCBuildConfiguration;
			buildSettings = {
				ASSETCATALOG_COMPILER_APPICON_NAME = AppIcon;
				ASSETCATALOG_COMPILER_GLOBAL_ACCENT_COLOR_NAME = AccentColor;
				CODE_SIGN_STYLE = Automatic;
				CURRENT_PROJECT_VERSION = 1;
				DEVELOPMENT_ASSET_PATHS = "\"swiftuistructurestudy/Preview Content\"";
				ENABLE_PREVIEWS = YES;
				GENERATE_INFOPLIST_FILE = YES;
				INFOPLIST_KEY_UIApplicationSceneManifest_Generation = YES;
				INFOPLIST_KEY_UIApplicationSupportsIndirectInputEvents = YES;
				INFOPLIST_KEY_UILaunchScreen_Generation = YES;
				INFOPLIST_KEY_UISupportedInterfaceOrientations_iPad = "UIInterfaceOrientationPortrait UIInterfaceOrientationPortraitUpsideDown UIInterfaceOrientationLandscapeLeft UIInterfaceOrientationLandscapeRight";
				INFOPLIST_KEY_UISupportedInterfaceOrientations_iPhone = "UIInterfaceOrientationPortrait UIInterfaceOrientationLandscapeLeft UIInterfaceOrientationLandscapeRight";
				LD_RUNPATH_SEARCH_PATHS = (
					"$(inherited)",
					"@executable_path/Frameworks",
				);
				MARKETING_VERSION = 1.0;
				PRODUCT_BUNDLE_IDENTIFIER = com.kenant42.swiftuistructurestudy;
				PRODUCT_NAME = "$(TARGET_NAME)";
				SWIFT_EMIT_LOC_STRINGS = YES;
				SWIFT_VERSION = 5.0;
				TARGETED_DEVICE_FAMILY = "1,2";
			};
			name = Debug;
		};
		6EECD9982C4E822100DFE96B /* Release */ = {
			isa = XCBuildConfiguration;
			buildSettings = {
				ASSETCATALOG_COMPILER_APPICON_NAME = AppIcon;
				ASSETCATALOG_COMPILER_GLOBAL_ACCENT_COLOR_NAME = AccentColor;
				CODE_SIGN_STYLE = Automatic;
				CURRENT_PROJECT_VERSION = 1;
				DEVELOPMENT_ASSET_PATHS = "\"swiftuistructurestudy/Preview Content\"";
				ENABLE_PREVIEWS = YES;
				GENERATE_INFOPLIST_FILE = YES;
				INFOPLIST_KEY_UIApplicationSceneManifest_Generation = YES;
				INFOPLIST_KEY_UIApplicationSupportsIndirectInputEvents = YES;
				INFOPLIST_KEY_UILaunchScreen_Generation = YES;
				INFOPLIST_KEY_UISupportedInterfaceOrientations_iPad = "UIInterfaceOrientationPortrait UIInterfaceOrientationPortraitUpsideDown UIInterfaceOrientationLandscapeLeft UIInterfaceOrientationLandscapeRight";
				INFOPLIST_KEY_UISupportedInterfaceOrientations_iPhone = "UIInterfaceOrientationPortrait UIInterfaceOrientationLandscapeLeft UIInterfaceOrientationLandscapeRight";
				LD_RUNPATH_SEARCH_PATHS = (
					"$(inherited)",
					"@executable_path/Frameworks",
				);
				MARKETING_VERSION = 1.0;
				PRODUCT_BUNDLE_IDENTIFIER = com.kenant42.swiftuistructurestudy;
				PRODUCT_NAME = "$(TARGET_NAME)";
				SWIFT_EMIT_LOC_STRINGS = YES;
				SWIFT_VERSION = 5.0;
				TARGETED_DEVICE_FAMILY = "1,2";
			};
			name = Release;
		};
		6EECD99A2C4E822100DFE96B /* Debug */ = {
			isa = XCBuildConfiguration;
			buildSettings = {
				ALWAYS_EMBED_SWIFT_STANDARD_LIBRARIES = YES;
				BUNDLE_LOADER = "$(TEST_HOST)";
				CODE_SIGN_STYLE = Automatic;
				CURRENT_PROJECT_VERSION = 1;
				GENERATE_INFOPLIST_FILE = YES;
				IPHONEOS_DEPLOYMENT_TARGET = 17.0;
				MARKETING_VERSION = 1.0;
				PRODUCT_BUNDLE_IDENTIFIER = com.kenant42.swiftuistructurestudyTests;
				PRODUCT_NAME = "$(TARGET_NAME)";
				SWIFT_EMIT_LOC_STRINGS = NO;
				SWIFT_VERSION = 5.0;
				TARGETED_DEVICE_FAMILY = "1,2";
				TEST_HOST = "$(BUILT_PRODUCTS_DIR)/swiftuistructurestudy.app/$(BUNDLE_EXECUTABLE_FOLDER_PATH)/swiftuistructurestudy";
			};
			name = Debug;
		};
		6EECD99B2C4E822100DFE96B /* Release */ = {
			isa = XCBuildConfiguration;
			buildSettings = {
				ALWAYS_EMBED_SWIFT_STANDARD_LIBRARIES = YES;
				BUNDLE_LOADER = "$(TEST_HOST)";
				CODE_SIGN_STYLE = Automatic;
				CURRENT_PROJECT_VERSION = 1;
				GENERATE_INFOPLIST_FILE = YES;
				IPHONEOS_DEPLOYMENT_TARGET = 17.0;
				MARKETING_VERSION = 1.0;
				PRODUCT_BUNDLE_IDENTIFIER = com.kenant42.swiftuistructurestudyTests;
				PRODUCT_NAME = "$(TARGET_NAME)";
				SWIFT_EMIT_LOC_STRINGS = NO;
				SWIFT_VERSION = 5.0;
				TARGETED_DEVICE_FAMILY = "1,2";
				TEST_HOST = "$(BUILT_PRODUCTS_DIR)/swiftuistructurestudy.app/$(BUNDLE_EXECUTABLE_FOLDER_PATH)/swiftuistructurestudy";
			};
			name = Release;
		};
		6EECD99D2C4E822100DFE96B /* Debug */ = {
			isa = XCBuildConfiguration;
			buildSettings = {
				ALWAYS_EMBED_SWIFT_STANDARD_LIBRARIES = YES;
				CODE_SIGN_STYLE = Automatic;
				CURRENT_PROJECT_VERSION = 1;
				GENERATE_INFOPLIST_FILE = YES;
				MARKETING_VERSION = 1.0;
				PRODUCT_BUNDLE_IDENTIFIER = com.kenant42.swiftuistructurestudyUITests;
				PRODUCT_NAME = "$(TARGET_NAME)";
				SWIFT_EMIT_LOC_STRINGS = NO;
				SWIFT_VERSION = 5.0;
				TARGETED_DEVICE_FAMILY = "1,2";
				TEST_TARGET_NAME = swiftuistructurestudy;
			};
			name = Debug;
		};
		6EECD99E2C4E822100DFE96B /* Release */ = {
			isa = XCBuildConfiguration;
			buildSettings = {
				ALWAYS_EMBED_SWIFT_STANDARD_LIBRARIES = YES;
				CODE_SIGN_STYLE = Automatic;
				CURRENT_PROJECT_VERSION = 1;
				GENERATE_INFOPLIST_FILE = YES;
				MARKETING_VERSION = 1.0;
				PRODUCT_BUNDLE_IDENTIFIER = com.kenant42.swiftuistructurestudyUITests;
				PRODUCT_NAME = "$(TARGET_NAME)";
				SWIFT_EMIT_LOC_STRINGS = NO;
				SWIFT_VERSION = 5.0;
				TARGETED_DEVICE_FAMILY = "1,2";
				TEST_TARGET_NAME = swiftuistructurestudy;
			};
			name = Release;
		};
/* End XCBuildConfiguration section */

/* Begin XCConfigurationList section */
		6EECD96D2C4E821F00DFE96B /* Build configuration list for PBXProject "swiftuistructurestudy" */ = {
			isa = XCConfigurationList;
			buildConfigurations = (
				6EECD9942C4E822100DFE96B /* Debug */,
				6EECD9952C4E822100DFE96B /* Release */,
			);
			defaultConfigurationIsVisible = 0;
			defaultConfigurationName = Release;
		};
		6EECD9962C4E822100DFE96B /* Build configuration list for PBXNativeTarget "swiftuistructurestudy" */ = {
			isa = XCConfigurationList;
			buildConfigurations = (
				6EECD9972C4E822100DFE96B /* Debug */,
				6EECD9982C4E822100DFE96B /* Release */,
			);
			defaultConfigurationIsVisible = 0;
			defaultConfigurationName = Release;
		};
		6EECD9992C4E822100DFE96B /* Build configuration list for PBXNativeTarget "swiftuistructurestudyTests" */ = {
			isa = XCConfigurationList;
			buildConfigurations = (
				6EECD99A2C4E822100DFE96B /* Debug */,
				6EECD99B2C4E822100DFE96B /* Release */,
			);
			defaultConfigurationIsVisible = 0;
			defaultConfigurationName = Release;
		};
		6EECD99C2C4E822100DFE96B /* Build configuration list for PBXNativeTarget "swiftuistructurestudyUITests" */ = {
			isa = XCConfigurationList;
			buildConfigurations = (
				6EECD99D2C4E822100DFE96B /* Debug */,
				6EECD99E2C4E822100DFE96B /* Release */,
			);
			defaultConfigurationIsVisible = 0;
			defaultConfigurationName = Release;
		};
/* End XCConfigurationList section */
	};
	rootObject = 6EECD96A2C4E821F00DFE96B /* Project object */;
}
